
Microsoft Visual Studio Solution File, Format Version 12.00
# Visual Studio 14
VisualStudioVersion = 14.0.25420.1
MinimumVisualStudioVersion = 10.0.40219.1
Project("{FAE04EC0-301F-11D3-BF4B-00C04F79EFBC}") = "Shrink2FitWeb", "Shrink2FitWeb\Shrink2FitWeb.csproj", "{CEB1352E-18E4-485C-AF8A-25509871082E}"
EndProject
Project("{FAE04EC0-301F-11D3-BF4B-00C04F79EFBC}") = "Shrink2FitDAL", "Shrink2FitDAL\Shrink2FitDAL.csproj", "{F1300F9E-DD87-4649-9F98-4500B982259C}"
EndProject
Project("{FAE04EC0-301F-11D3-BF4B-00C04F79EFBC}") = "CheckAmountWithPMTV3", "..\Misc\CheckAmountWithPMTV3\CheckAmountWithPMTV3.csproj", "{6F0E2BA5-8B83-4A70-A7AC-9BE7CA8BAF14}"
EndProject
Project("{FAE04EC0-301F-11D3-BF4B-00C04F79EFBC}") = "FastThreeOptionSearchV3_2_1", "..\Misc\FastThreeOptionSearchV3_2_1\FastThreeOptionSearchV3_2_1.csproj", "{79279FF1-8E05-4ADB-A96D-5A421953DC50}"
EndProject
Global
	GlobalSection(SolutionConfigurationPlatforms) = preSolution
		Debug|Any CPU = Debug|Any CPU
		Debug|Mixed Platforms = Debug|Mixed Platforms
		Debug|x64 = Debug|x64
		Debug|x86 = Debug|x86
		Release|Any CPU = Release|Any CPU
		Release|Mixed Platforms = Release|Mixed Platforms
		Release|x64 = Release|x64
		Release|x86 = Release|x86
	EndGlobalSection
	GlobalSection(ProjectConfigurationPlatforms) = postSolution
		{CEB1352E-18E4-485C-AF8A-25509871082E}.Debug|Any CPU.ActiveCfg = Debug|Any CPU
		{CEB1352E-18E4-485C-AF8A-25509871082E}.Debug|Any CPU.Build.0 = Debug|Any CPU
		{CEB1352E-18E4-485C-AF8A-25509871082E}.Debug|Mixed Platforms.ActiveCfg = Debug|x86
		{CEB1352E-18E4-485C-AF8A-25509871082E}.Debug|Mixed Platforms.Build.0 = Debug|x86
		{CEB1352E-18E4-485C-AF8A-25509871082E}.Debug|x64.ActiveCfg = Debug|Any CPU
		{CEB1352E-18E4-485C-AF8A-25509871082E}.Debug|x86.ActiveCfg = Debug|x86
		{CEB1352E-18E4-485C-AF8A-25509871082E}.Debug|x86.Build.0 = Debug|x86
		{CEB1352E-18E4-485C-AF8A-25509871082E}.Release|Any CPU.ActiveCfg = Release|Any CPU
		{CEB1352E-18E4-485C-AF8A-25509871082E}.Release|Any CPU.Build.0 = Release|Any CPU
		{CEB1352E-18E4-485C-AF8A-25509871082E}.Release|Mixed Platforms.ActiveCfg = Release|x86
		{CEB1352E-18E4-485C-AF8A-25509871082E}.Release|Mixed Platforms.Build.0 = Release|x86
		{CEB1352E-18E4-485C-AF8A-25509871082E}.Release|x64.ActiveCfg = Release|Any CPU
		{CEB1352E-18E4-485C-AF8A-25509871082E}.Release|x86.ActiveCfg = Release|x86
		{CEB1352E-18E4-485C-AF8A-25509871082E}.Release|x86.Build.0 = Release|x86
		{F1300F9E-DD87-4649-9F98-4500B982259C}.Debug|Any CPU.ActiveCfg = Debug|Any CPU
		{F1300F9E-DD87-4649-9F98-4500B982259C}.Debug|Any CPU.Build.0 = Debug|Any CPU
		{F1300F9E-DD87-4649-9F98-4500B982259C}.Debug|Mixed Platforms.ActiveCfg = Debug|x86
		{F1300F9E-DD87-4649-9F98-4500B982259C}.Debug|Mixed Platforms.Build.0 = Debug|x86
		{F1300F9E-DD87-4649-9F98-4500B982259C}.Debug|x64.ActiveCfg = Debug|Any CPU
		{F1300F9E-DD87-4649-9F98-4500B982259C}.Debug|x86.ActiveCfg = Debug|x86
		{F1300F9E-DD87-4649-9F98-4500B982259C}.Debug|x86.Build.0 = Debug|x86
		{F1300F9E-DD87-4649-9F98-4500B982259C}.Release|Any CPU.ActiveCfg = Release|Any CPU
		{F1300F9E-DD87-4649-9F98-4500B982259C}.Release|Any CPU.Build.0 = Release|Any CPU
		{F1300F9E-DD87-4649-9F98-4500B982259C}.Release|Mixed Platforms.ActiveCfg = Release|x86
		{F1300F9E-DD87-4649-9F98-4500B982259C}.Release|Mixed Platforms.Build.0 = Release|x86
		{F1300F9E-DD87-4649-9F98-4500B982259C}.Release|x64.ActiveCfg = Release|Any CPU
		{F1300F9E-DD87-4649-9F98-4500B982259C}.Release|x86.ActiveCfg = Release|x86
		{F1300F9E-DD87-4649-9F98-4500B982259C}.Release|x86.Build.0 = Release|x86
		{6F0E2BA5-8B83-4A70-A7AC-9BE7CA8BAF14}.Debug|Any CPU.ActiveCfg = Debug|Any CPU
		{6F0E2BA5-8B83-4A70-A7AC-9BE7CA8BAF14}.Debug|Any CPU.Build.0 = Debug|Any CPU
		{6F0E2BA5-8B83-4A70-A7AC-9BE7CA8BAF14}.Debug|Mixed Platforms.ActiveCfg = Debug|Any CPU
		{6F0E2BA5-8B83-4A70-A7AC-9BE7CA8BAF14}.Debug|Mixed Platforms.Build.0 = Debug|Any CPU
		{6F0E2BA5-8B83-4A70-A7AC-9BE7CA8BAF14}.Debug|x64.ActiveCfg = Debug|Any CPU
		{6F0E2BA5-8B83-4A70-A7AC-9BE7CA8BAF14}.Debug|x64.Build.0 = Debug|Any CPU
		{6F0E2BA5-8B83-4A70-A7AC-9BE7CA8BAF14}.Debug|x86.ActiveCfg = Debug|Any CPU
		{6F0E2BA5-8B83-4A70-A7AC-9BE7CA8BAF14}.Debug|x86.Build.0 = Debug|Any CPU
		{6F0E2BA5-8B83-4A70-A7AC-9BE7CA8BAF14}.Release|Any CPU.ActiveCfg = Release|Any CPU
		{6F0E2BA5-8B83-4A70-A7AC-9BE7CA8BAF14}.Release|Any CPU.Build.0 = Release|Any CPU
		{6F0E2BA5-8B83-4A70-A7AC-9BE7CA8BAF14}.Release|Mixed Platforms.ActiveCfg = Release|Any CPU
		{6F0E2BA5-8B83-4A70-A7AC-9BE7CA8BAF14}.Release|Mixed Platforms.Build.0 = Release|Any CPU
		{6F0E2BA5-8B83-4A70-A7AC-9BE7CA8BAF14}.Release|x64.ActiveCfg = Release|Any CPU
		{6F0E2BA5-8B83-4A70-A7AC-9BE7CA8BAF14}.Release|x64.Build.0 = Release|Any CPU
		{6F0E2BA5-8B83-4A70-A7AC-9BE7CA8BAF14}.Release|x86.ActiveCfg = Release|Any CPU
		{6F0E2BA5-8B83-4A70-A7AC-9BE7CA8BAF14}.Release|x86.Build.0 = Release|Any CPU
		{79279FF1-8E05-4ADB-A96D-5A421953DC50}.Debug|Any CPU.ActiveCfg = Debug|Any CPU
		{79279FF1-8E05-4ADB-A96D-5A421953DC50}.Debug|Any CPU.Build.0 = Debug|Any CPU
		{79279FF1-8E05-4ADB-A96D-5A421953DC50}.Debug|Mixed Platforms.ActiveCfg = Debug|Any CPU
		{79279FF1-8E05-4ADB-A96D-5A421953DC50}.Debug|Mixed Platforms.Build.0 = Debug|Any CPU
		{79279FF1-8E05-4ADB-A96D-5A421953DC50}.Debug|x64.ActiveCfg = Debug|x64
		{79279FF1-8E05-4ADB-A96D-5A421953DC50}.Debug|x64.Build.0 = Debug|x64
		{79279FF1-8E05-4ADB-A96D-5A421953DC50}.Debug|x86.ActiveCfg = Debug|Any CPU
		{79279FF1-8E05-4ADB-A96D-5A421953DC50}.Debug|x86.Build.0 = Debug|Any CPU
		{79279FF1-8E05-4ADB-A96D-5A421953DC50}.Release|Any CPU.ActiveCfg = Release|Any CPU
		{79279FF1-8E05-4ADB-A96D-5A421953DC50}.Release|Any CPU.Build.0 = Release|Any CPU
		{79279FF1-8E05-4ADB-A96D-5A421953DC50}.Release|Mixed Platforms.ActiveCfg = Release|Any CPU
		{79279FF1-8E05-4ADB-A96D-5A421953DC50}.Release|Mixed Platforms.Build.0 = Release|Any CPU
		{79279FF1-8E05-4ADB-A96D-5A421953DC50}.Release|x64.ActiveCfg = Release|x64
		{79279FF1-8E05-4ADB-A96D-5A421953DC50}.Release|x64.Build.0 = Release|x64
		{79279FF1-8E05-4ADB-A96D-5A421953DC50}.Release|x86.ActiveCfg = Release|Any CPU
		{79279FF1-8E05-4ADB-A96D-5A421953DC50}.Release|x86.Build.0 = Release|Any CPU
	EndGlobalSection
	GlobalSection(SolutionProperties) = preSolution
		HideSolutionNode = FALSE
	EndGlobalSection
EndGlobal
